{
  "version": 4,
  "terraform_version": "1.7.0",
  "serial": 5,
  "lineage": "4ca06e13-dba8-5eaa-59db-7c3760044b45",
  "outputs": {},
  "resources": [
    {
      "mode": "managed",
      "type": "google_container_cluster",
      "name": "primary",
      "provider": "provider[\"registry.terraform.io/hashicorp/google\"]",
      "instances": [
        {
          "schema_version": 1,
          "attributes": {
            "addons_config": [
              {
                "cloudrun_config": [],
                "dns_cache_config": [],
                "gce_persistent_disk_csi_driver_config": [
                  {
                    "enabled": true
                  }
                ],
                "gcp_filestore_csi_driver_config": [],
                "gke_backup_agent_config": [],
                "horizontal_pod_autoscaling": [],
                "http_load_balancing": [],
                "network_policy_config": [
                  {
                    "disabled": true
                  }
                ]
              }
            ],
            "authenticator_groups_config": [],
            "binary_authorization": [
              {
                "enabled": false,
                "evaluation_mode": ""
              }
            ],
            "cluster_autoscaling": [
              {
                "auto_provisioning_defaults": [],
                "enabled": false,
                "resource_limits": []
              }
            ],
            "cluster_ipv4_cidr": "10.4.0.0/14",
            "confidential_nodes": [],
            "cost_management_config": [],
            "database_encryption": [
              {
                "key_name": "",
                "state": "DECRYPTED"
              }
            ],
            "datapath_provider": "",
            "default_max_pods_per_node": null,
            "default_snat_status": [
              {
                "disabled": false
              }
            ],
            "description": "",
            "dns_config": [],
            "enable_autopilot": false,
            "enable_binary_authorization": false,
            "enable_intranode_visibility": false,
            "enable_kubernetes_alpha": false,
            "enable_l4_ilb_subsetting": false,
            "enable_legacy_abac": false,
            "enable_shielded_nodes": true,
            "enable_tpu": false,
            "endpoint": "34.69.58.189",
            "gateway_api_config": [],
            "id": "projects/massive-clone-417822/locations/us-central1-c/clusters/cluster-1",
            "initial_node_count": 3,
            "ip_allocation_policy": [],
            "label_fingerprint": "a9dc16a7",
            "location": "us-central1-c",
            "logging_config": [
              {
                "enable_components": [
                  "SYSTEM_COMPONENTS",
                  "WORKLOADS"
                ]
              }
            ],
            "logging_service": "logging.googleapis.com/kubernetes",
            "maintenance_policy": [],
            "master_auth": [
              {
                "client_certificate": "",
                "client_certificate_config": [
                  {
                    "issue_client_certificate": false
                  }
                ],
                "client_key": "",
                "cluster_ca_certificate": "LS0tLS1CRUdJTiBDRVJUSUZJQ0FURS0tLS0tCk1JSUVMRENDQXBTZ0F3SUJBZ0lRWjUvbVM3WjFGRkdFc2ZqWjM5aS9sVEFOQmdrcWhraUc5dzBCQVFzRkFEQXYKTVMwd0t3WURWUVFERXlRMk1qVTFaakl5TlMxbU16WTBMVFE1TkdRdFlqTXdOQzA1TVRFd1lqbGlOekJrWkdVdwpJQmNOTWpRd016SXhNakV3TmpFd1doZ1BNakExTkRBek1UUXlNakEyTVRCYU1DOHhMVEFyQmdOVkJBTVRKRFl5Ck5UVm1NakkxTFdZek5qUXRORGswWkMxaU16QTBMVGt4TVRCaU9XSTNNR1JrWlRDQ0FhSXdEUVlKS29aSWh2Y04KQVFFQkJRQURnZ0dQQURDQ0FZb0NnZ0dCQU1XRDV1T1FzeWk1UkFqMmlhMXZ5V01OMFZWTjY1QU1tTnh3N0FXdgp5d2hmckd2UlhPc0UzQkZiUUtRSmZWRkNwWEhEQnAvemFNazNiT1c5TCtUaEh3aTNqdk9uOXdoQjZNc2FiaUxECnIremhvbFVaZ2JjTVgwdElSMkVVVHROQ3VMTmozWlpsRUtZbUQ3ZXk5Unl6ZGxkYXVwT2JlOEcxNW1UdlM1b0sKdDk1QUdmdGZkalFmaTM5SGJBb3FoTkZFbjZVUlVqV0Rndy9LcU1OUlRkWFp0QUNlMUVWVU1CcExWaTlRVlQ2ZAp1NlF0MGo4cWhuV3RRUUl1MXJBZEZHN2tkMW5qVVJHZHlyVHRMS3A2TjZuYk9pVkxGYjlvbW5Sbkl4M2trZ2RlCkRlc3RlMGVJTjFOMmNuUHgxOWMwcUpQaHM0TUtwM0RWYlZyQk8vWlJobTc1N3daSURjdzRQN0o1UDYvb0VDdEEKSVdsTktyTEVtNjVydVl2SVNrTTcrTGdmSEtqU21kUDh1amlHM0l6SEJQT0NuREx0SkIzTEQyaFBWQXh5MVRQVgpCa1NsU1BuOG1SaFZrdDBUMGxjMHIxYmRJRjFOMlNyTWUvRHJWRU84bldzTTcxOUo1UWV3NVlFN1J4d2YvcEJKCmFBS2NSaWd5amltS2VDcFJtRGxrdk1IZFl3SURBUUFCbzBJd1FEQU9CZ05WSFE4QkFmOEVCQU1DQWdRd0R3WUQKVlIwVEFRSC9CQVV3QXdFQi96QWRCZ05WSFE0RUZnUVVWdEp2dm5IQi8zT0RWWmI2SDRKK2N6bERlMTR3RFFZSgpLb1pJaHZjTkFRRUxCUUFEZ2dHQkFGaXloTWhCenJuTytKWHBldE92MUVSYk1PTlJvQzZIQmk5TWU0SkxnUGNCCmJlK2hnbHZrbnIrM1JZdFUxS0Z5SHlKSkI2MHlkMUtCQTJkdDZZSmluQ0pqdVMvZlJZWTd0c0JMU0FxWlp4QVkKVkhUYVJOVWVQYjV5WXlENU9xZGVJTjZEWVJTQUhEQStDazNFY3JIdTZFY0g4OVh1NElXT1J4SkxZWjJtMCs5SAplSENTeEFBYzh3amN2MFFMV1BpMWdsUndxZzR5aFlVa1d0VmdCRitSUWZKMjAwL20xQ3NhbndtbVpMSU85bFhXCldYL3p6WmM5RmV4dGpDNkwxZVFZazlvY0dMTGI0WklMdFVHamltcnpNeXVXdVQ4THZTaXhsejQvNlFOMWJwT0wKb0RyRHV6ckpOTEl5NFhpMWpvQVRjdHVJTVJ3RWpnVDFJUE5DUFdMYkl5RHBiZTZDeTRyQkdXczBxS1ZUTzhXZgpGWUUwOXdwdzBab0NBdVpvU3ZyNHQvUTBpZjlQOFBjK0F1QXYxMDNpbGJFaGNwR1grUDYxV1Fpc25oZHJ3R2dQCnNTb0NYMXo1a1krbThQK1RlYzlOUTNySTFzME5DSEt6TTJnU0lRd0syY3AwNmwrRkQyU0ZkUkt6VXVrcTg2SWMKS2ZzcUJ0elBNUmVKc0NxUzlkdVNUdz09Ci0tLS0tRU5EIENFUlRJRklDQVRFLS0tLS0K"
              }
            ],
            "master_authorized_networks_config": [],
            "master_version": "1.27.8-gke.1067004",
            "mesh_certificates": [],
            "min_master_version": null,
            "monitoring_config": [
              {
                "enable_components": [
                  "SYSTEM_COMPONENTS"
                ],
                "managed_prometheus": [
                  {
                    "enabled": true
                  }
                ]
              }
            ],
            "monitoring_service": "monitoring.googleapis.com/kubernetes",
            "name": "cluster-1",
            "network": "projects/massive-clone-417822/global/networks/default",
            "network_policy": [
              {
                "enabled": false,
                "provider": "PROVIDER_UNSPECIFIED"
              }
            ],
            "networking_mode": "ROUTES",
            "node_config": [
              {
                "boot_disk_kms_key": "",
                "disk_size_gb": 50,
                "disk_type": "pd-balanced",
                "gcfs_config": [],
                "guest_accelerator": [],
                "gvnic": [],
                "image_type": "COS_CONTAINERD",
                "labels": {},
                "local_ssd_count": 0,
                "logging_variant": "DEFAULT",
                "machine_type": "e2-medium",
                "metadata": {
                  "disable-legacy-endpoints": "true"
                },
                "min_cpu_platform": "",
                "node_group": "",
                "oauth_scopes": [
                  "https://www.googleapis.com/auth/devstorage.read_only",
                  "https://www.googleapis.com/auth/logging.write",
                  "https://www.googleapis.com/auth/monitoring",
                  "https://www.googleapis.com/auth/service.management.readonly",
                  "https://www.googleapis.com/auth/servicecontrol",
                  "https://www.googleapis.com/auth/trace.append"
                ],
                "preemptible": false,
                "reservation_affinity": [],
                "resource_labels": null,
                "service_account": "default",
                "shielded_instance_config": [
                  {
                    "enable_integrity_monitoring": true,
                    "enable_secure_boot": false
                  }
                ],
                "spot": false,
                "tags": null,
                "taint": [],
                "workload_metadata_config": []
              }
            ],
            "node_locations": [],
            "node_pool": [
              {
                "autoscaling": [],
                "initial_node_count": 3,
                "instance_group_urls": [
                  "https://www.googleapis.com/compute/v1/projects/massive-clone-417822/zones/us-central1-c/instanceGroupManagers/gke-cluster-1-default-pool-f92719c5-grp"
                ],
                "managed_instance_group_urls": [
                  "https://www.googleapis.com/compute/v1/projects/massive-clone-417822/zones/us-central1-c/instanceGroups/gke-cluster-1-default-pool-f92719c5-grp"
                ],
                "management": [
                  {
                    "auto_repair": true,
                    "auto_upgrade": true
                  }
                ],
                "max_pods_per_node": 0,
                "name": "default-pool",
                "name_prefix": "",
                "network_config": [
                  {
                    "create_pod_range": false,
                    "enable_private_nodes": false,
                    "pod_ipv4_cidr_block": "",
                    "pod_range": ""
                  }
                ],
                "node_config": [
                  {
                    "boot_disk_kms_key": "",
                    "disk_size_gb": 50,
                    "disk_type": "pd-balanced",
                    "gcfs_config": [],
                    "guest_accelerator": [],
                    "gvnic": [],
                    "image_type": "COS_CONTAINERD",
                    "labels": {},
                    "local_ssd_count": 0,
                    "logging_variant": "DEFAULT",
                    "machine_type": "e2-medium",
                    "metadata": {
                      "disable-legacy-endpoints": "true"
                    },
                    "min_cpu_platform": "",
                    "node_group": "",
                    "oauth_scopes": [
                      "https://www.googleapis.com/auth/devstorage.read_only",
                      "https://www.googleapis.com/auth/logging.write",
                      "https://www.googleapis.com/auth/monitoring",
                      "https://www.googleapis.com/auth/service.management.readonly",
                      "https://www.googleapis.com/auth/servicecontrol",
                      "https://www.googleapis.com/auth/trace.append"
                    ],
                    "preemptible": false,
                    "reservation_affinity": [],
                    "resource_labels": {},
                    "service_account": "default",
                    "shielded_instance_config": [
                      {
                        "enable_integrity_monitoring": true,
                        "enable_secure_boot": false
                      }
                    ],
                    "spot": false,
                    "tags": [],
                    "taint": [],
                    "workload_metadata_config": []
                  }
                ],
                "node_count": 3,
                "node_locations": [
                  "us-central1-c"
                ],
                "upgrade_settings": [
                  {
                    "blue_green_settings": [],
                    "max_surge": 1,
                    "max_unavailable": 0,
                    "strategy": "SURGE"
                  }
                ],
                "version": "1.27.8-gke.1067004"
              }
            ],
            "node_pool_defaults": [
              {
                "node_config_defaults": [
                  {
                    "logging_variant": "DEFAULT"
                  }
                ]
              }
            ],
            "node_version": "1.27.8-gke.1067004",
            "notification_config": [
              {
                "pubsub": [
                  {
                    "enabled": false,
                    "filter": [],
                    "topic": ""
                  }
                ]
              }
            ],
            "operation": null,
            "private_cluster_config": [
              {
                "enable_private_endpoint": false,
                "enable_private_nodes": false,
                "master_global_access_config": [
                  {
                    "enabled": false
                  }
                ],
                "master_ipv4_cidr_block": "",
                "peering_name": "",
                "private_endpoint": "10.128.0.6",
                "private_endpoint_subnetwork": "",
                "public_endpoint": "34.69.58.189"
              }
            ],
            "private_ipv6_google_access": "",
            "project": "massive-clone-417822",
            "release_channel": [
              {
                "channel": "REGULAR"
              }
            ],
            "remove_default_node_pool": null,
            "resource_labels": null,
            "resource_usage_export_config": [],
            "self_link": "https://container.googleapis.com/v1/projects/massive-clone-417822/zones/us-central1-c/clusters/cluster-1",
            "service_external_ips_config": [
              {
                "enabled": false
              }
            ],
            "services_ipv4_cidr": "10.7.240.0/20",
            "subnetwork": "projects/massive-clone-417822/regions/us-central1/subnetworks/default",
            "timeouts": null,
            "tpu_ipv4_cidr_block": "",
            "vertical_pod_autoscaling": [],
            "workload_identity_config": []
          },
          "sensitive_attributes": [],
          "private": "eyJlMmJmYjczMC1lY2FhLTExZTYtOGY4OC0zNDM2M2JjN2M0YzAiOnsiY3JlYXRlIjoyNDAwMDAwMDAwMDAwLCJkZWxldGUiOjI0MDAwMDAwMDAwMDAsInJlYWQiOjI0MDAwMDAwMDAwMDAsInVwZGF0ZSI6MzYwMDAwMDAwMDAwMH0sInNjaGVtYV92ZXJzaW9uIjoiMSJ9"
        }
      ]
    },
    {
      "mode": "managed",
      "type": "google_service_account",
      "name": "default",
      "provider": "provider[\"registry.terraform.io/hashicorp/google\"]",
      "instances": [
        {
          "schema_version": 0,
          "attributes": {
            "account_id": "gke-cluster-1",
            "description": "",
            "disabled": false,
            "display_name": "service account for cluster Ademi",
            "email": "gke-cluster-1@massive-clone-417822.iam.gserviceaccount.com",
            "id": "projects/massive-clone-417822/serviceAccounts/gke-cluster-1@massive-clone-417822.iam.gserviceaccount.com",
            "member": "serviceAccount:gke-cluster-1@massive-clone-417822.iam.gserviceaccount.com",
            "name": "projects/massive-clone-417822/serviceAccounts/gke-cluster-1@massive-clone-417822.iam.gserviceaccount.com",
            "project": "massive-clone-417822",
            "timeouts": null,
            "unique_id": "100362476065257153912"
          },
          "sensitive_attributes": [],
          "private": "eyJlMmJmYjczMC1lY2FhLTExZTYtOGY4OC0zNDM2M2JjN2M0YzAiOnsiY3JlYXRlIjozMDAwMDAwMDAwMDB9fQ=="
        }
      ]
    }
  ],
  "check_results": null
}
