{
  "version": 4,
  "terraform_version": "1.7.0",
  "serial": 11,
  "lineage": "4ca06e13-dba8-5eaa-59db-7c3760044b45",
  "outputs": {},
  "resources": [
    {
      "mode": "managed",
      "type": "google_container_cluster",
      "name": "primary",
      "provider": "provider[\"registry.terraform.io/hashicorp/google\"]",
      "instances": [
        {
          "schema_version": 1,
          "attributes": {
            "addons_config": [
              {
                "cloudrun_config": [],
                "dns_cache_config": [],
                "gce_persistent_disk_csi_driver_config": [
                  {
                    "enabled": true
                  }
                ],
                "gcp_filestore_csi_driver_config": [],
                "gke_backup_agent_config": [],
                "horizontal_pod_autoscaling": [],
                "http_load_balancing": [],
                "network_policy_config": [
                  {
                    "disabled": true
                  }
                ]
              }
            ],
            "authenticator_groups_config": [],
            "binary_authorization": [
              {
                "enabled": false,
                "evaluation_mode": ""
              }
            ],
            "cluster_autoscaling": [
              {
                "auto_provisioning_defaults": [],
                "enabled": false,
                "resource_limits": []
              }
            ],
            "cluster_ipv4_cidr": "10.0.0.0/14",
            "confidential_nodes": [],
            "cost_management_config": [],
            "database_encryption": [
              {
                "key_name": "",
                "state": "DECRYPTED"
              }
            ],
            "datapath_provider": "",
            "default_max_pods_per_node": null,
            "default_snat_status": [
              {
                "disabled": false
              }
            ],
            "description": "",
            "dns_config": [],
            "enable_autopilot": false,
            "enable_binary_authorization": false,
            "enable_intranode_visibility": false,
            "enable_kubernetes_alpha": false,
            "enable_l4_ilb_subsetting": false,
            "enable_legacy_abac": false,
            "enable_shielded_nodes": true,
            "enable_tpu": false,
            "endpoint": "34.27.32.69",
            "gateway_api_config": [],
            "id": "projects/massive-clone-417822/locations/us-central1/clusters/yes",
            "initial_node_count": 1,
            "ip_allocation_policy": [],
            "label_fingerprint": "a9dc16a7",
            "location": "us-central1",
            "logging_config": [
              {
                "enable_components": [
                  "SYSTEM_COMPONENTS",
                  "WORKLOADS"
                ]
              }
            ],
            "logging_service": "logging.googleapis.com/kubernetes",
            "maintenance_policy": [],
            "master_auth": [
              {
                "client_certificate": "",
                "client_certificate_config": [
                  {
                    "issue_client_certificate": false
                  }
                ],
                "client_key": "",
                "cluster_ca_certificate": "LS0tLS1CRUdJTiBDRVJUSUZJQ0FURS0tLS0tCk1JSUVMRENDQXBTZ0F3SUJBZ0lRV1hRSk9peXVJbTNFVVVpMGFZN00wREFOQmdrcWhraUc5dzBCQVFzRkFEQXYKTVMwd0t3WURWUVFERXlSaFlURm1OREkwTkMxaFlXRmlMVFF3T1RndFlURmxPUzFpT1RJM05ERXlaalpoTlRBdwpJQmNOTWpRd016SXhNakUwTmpFeldoZ1BNakExTkRBek1UUXlNalEyTVROYU1DOHhMVEFyQmdOVkJBTVRKR0ZoCk1XWTBNalEwTFdGaFlXSXROREE1T0MxaE1XVTVMV0k1TWpjME1USm1ObUUxTURDQ0FhSXdEUVlKS29aSWh2Y04KQVFFQkJRQURnZ0dQQURDQ0FZb0NnZ0dCQUtLUURJRzE0d0t3MG51amQxVnlnczk0TzlsSGwrcnJTRjlqdi9hRgo4NUoydkJYamRzcUNhdDVJWE1NNDIyVFRSUE1ZZGRkR2VIM2xsV2xYcU51R0VqTzc2eGliWmhDTExpc0JUeHk4CnoySHJTeWc2YlFHUCt0YXVSWnBNeFlPRjR0aVh1aW1qRmtQSEtKT2R2NENOTVpWS1hhdVlnVzA3T3FDa1RjZTkKL3B0eEtoTU96MFJwL21NaVJiYXZBVXFZRFZ2ZnlFajliQWFNbkJtWDljUUUwbUxZdXVIRHQyNkRqMTNwbXZ0TgprWjR4MEF4a2x4bTAvT3k4eFQwYTl5Nk9Xa09LOWZCV0hOdWpLaUFveDAyTmxsUklqSEZncGx6ZFdMY2xEbnFaCmdCN2NrT1RMVGl5ZG04N2p3Tjdta1lDV3poUDdrVkRiRUExc3RZM3ErMUVSeTFPaGVxRGRoNlROUEY1VDBUWXUKVHIvRkkycmZFT0VmRjdnRkJxeTYyK00wbVprZFkwZzk5cm1TZHFxOUVDK2w0NEJNNWkxbHNOeGZVT0RUc3dSYQprd1dLZkIwQ0hqWFV5ZEtwM3BOYjA3eDRyRlQ4L3czUmZUd0M5L3MxYlRwaWNsSC9GNDlYaFNXSS9XQ093VHV0CmsvYzlHQ2hrUHN6S1B5ZWNlRllTMzBKVWx3SURBUUFCbzBJd1FEQU9CZ05WSFE4QkFmOEVCQU1DQWdRd0R3WUQKVlIwVEFRSC9CQVV3QXdFQi96QWRCZ05WSFE0RUZnUVU2Yjh1L2drY1lsdGN1RkZLMFdSdnVxT2pXQkl3RFFZSgpLb1pJaHZjTkFRRUxCUUFEZ2dHQkFDMHRNdTlWem1YTldlSVFwQ1VxWXREVHd4L2tJQVpkNWlZeUU0dlFnYml4Cm5OaWYvYjk5aG02N3QyU05nTlE2cWIyRzc1eTA3aW4xTXFlTDVyUnZOWVBqSEdlYlQvcDArWVRMS0dKQXNCdmgKd2N2djdKNU5JbWY1d0VSSTZCRExZUlJxWkhRRUJuZEdldjRnQ0gzUFBBemJPODlKOFIwWHlZS1BIdlBpU2YveApOZmJEbVdYZEpyOUg5WUt3OVErRmRkSmgwNkYyelNDZDJuOHo1bGZmVVZKWGpXdjR1TS9CSXpabWttTDVxWmppCmcvOHdmSEY4SHdvMktNbWlrbHhpR08zRHpRbFAvR3dYSFV3YVpnWWNHUUpQTWNkU0ZOQWpIQzdDbFJTbURuWkYKNFlJaHdzcmFBczdsbDE4VEhkY0NPMlBxUFJjb2VsWC9iZmtWZ1FNWFgzRE9PbHl4anNPY2p3a1hsV3c5WThPawpFeVBBSnpMaVpnWWNOSHZiY0cvRkdrU05nMEh2Z2p3bFFNUWNQYXc1cjlmSU01bVQxbWUrdmNmZ1pvaGE4NVlTCmhNaUtPVHNMdkZULy92MnZLSUVVeTFvMGl5YjNQQmFabGhQbHhDZDErbUN0c2FvVjR4bXhlTlJPU1ljbWNWeUQKNGhxQVRzQng3Vm1MdWdodjhWSHB3dz09Ci0tLS0tRU5EIENFUlRJRklDQVRFLS0tLS0K"
              }
            ],
            "master_authorized_networks_config": [],
            "master_version": "1.27.8-gke.1067004",
            "mesh_certificates": [],
            "min_master_version": null,
            "monitoring_config": [
              {
                "enable_components": [
                  "SYSTEM_COMPONENTS"
                ],
                "managed_prometheus": [
                  {
                    "enabled": true
                  }
                ]
              }
            ],
            "monitoring_service": "monitoring.googleapis.com/kubernetes",
            "name": "yes",
            "network": "projects/massive-clone-417822/global/networks/default",
            "network_policy": [
              {
                "enabled": false,
                "provider": "PROVIDER_UNSPECIFIED"
              }
            ],
            "networking_mode": "ROUTES",
            "node_config": [
              {
                "boot_disk_kms_key": "",
                "disk_size_gb": 60,
                "disk_type": "pd-balanced",
                "gcfs_config": [],
                "guest_accelerator": [],
                "gvnic": [],
                "image_type": "COS_CONTAINERD",
                "labels": {},
                "local_ssd_count": 0,
                "logging_variant": "DEFAULT",
                "machine_type": "e2-medium",
                "metadata": {
                  "disable-legacy-endpoints": "true"
                },
                "min_cpu_platform": "",
                "node_group": "",
                "oauth_scopes": [
                  "https://www.googleapis.com/auth/devstorage.read_only",
                  "https://www.googleapis.com/auth/logging.write",
                  "https://www.googleapis.com/auth/monitoring",
                  "https://www.googleapis.com/auth/service.management.readonly",
                  "https://www.googleapis.com/auth/servicecontrol",
                  "https://www.googleapis.com/auth/trace.append"
                ],
                "preemptible": false,
                "reservation_affinity": [],
                "resource_labels": null,
                "service_account": "default",
                "shielded_instance_config": [
                  {
                    "enable_integrity_monitoring": true,
                    "enable_secure_boot": false
                  }
                ],
                "spot": false,
                "tags": null,
                "taint": [],
                "workload_metadata_config": []
              }
            ],
            "node_locations": [
              "us-central1-a",
              "us-central1-c",
              "us-central1-f"
            ],
            "node_pool": [
              {
                "autoscaling": [],
                "initial_node_count": 1,
                "instance_group_urls": [
                  "https://www.googleapis.com/compute/v1/projects/massive-clone-417822/zones/us-central1-f/instanceGroupManagers/gke-yes-default-pool-627d4cde-grp",
                  "https://www.googleapis.com/compute/v1/projects/massive-clone-417822/zones/us-central1-c/instanceGroupManagers/gke-yes-default-pool-f800a521-grp",
                  "https://www.googleapis.com/compute/v1/projects/massive-clone-417822/zones/us-central1-a/instanceGroupManagers/gke-yes-default-pool-d167cd0e-grp"
                ],
                "managed_instance_group_urls": [
                  "https://www.googleapis.com/compute/v1/projects/massive-clone-417822/zones/us-central1-f/instanceGroups/gke-yes-default-pool-627d4cde-grp",
                  "https://www.googleapis.com/compute/v1/projects/massive-clone-417822/zones/us-central1-c/instanceGroups/gke-yes-default-pool-f800a521-grp",
                  "https://www.googleapis.com/compute/v1/projects/massive-clone-417822/zones/us-central1-a/instanceGroups/gke-yes-default-pool-d167cd0e-grp"
                ],
                "management": [
                  {
                    "auto_repair": true,
                    "auto_upgrade": true
                  }
                ],
                "max_pods_per_node": 0,
                "name": "default-pool",
                "name_prefix": "",
                "network_config": [
                  {
                    "create_pod_range": false,
                    "enable_private_nodes": false,
                    "pod_ipv4_cidr_block": "",
                    "pod_range": ""
                  }
                ],
                "node_config": [
                  {
                    "boot_disk_kms_key": "",
                    "disk_size_gb": 60,
                    "disk_type": "pd-balanced",
                    "gcfs_config": [],
                    "guest_accelerator": [],
                    "gvnic": [],
                    "image_type": "COS_CONTAINERD",
                    "labels": {},
                    "local_ssd_count": 0,
                    "logging_variant": "DEFAULT",
                    "machine_type": "e2-medium",
                    "metadata": {
                      "disable-legacy-endpoints": "true"
                    },
                    "min_cpu_platform": "",
                    "node_group": "",
                    "oauth_scopes": [
                      "https://www.googleapis.com/auth/devstorage.read_only",
                      "https://www.googleapis.com/auth/logging.write",
                      "https://www.googleapis.com/auth/monitoring",
                      "https://www.googleapis.com/auth/service.management.readonly",
                      "https://www.googleapis.com/auth/servicecontrol",
                      "https://www.googleapis.com/auth/trace.append"
                    ],
                    "preemptible": false,
                    "reservation_affinity": [],
                    "resource_labels": {},
                    "service_account": "default",
                    "shielded_instance_config": [
                      {
                        "enable_integrity_monitoring": true,
                        "enable_secure_boot": false
                      }
                    ],
                    "spot": false,
                    "tags": [],
                    "taint": [],
                    "workload_metadata_config": []
                  }
                ],
                "node_count": 1,
                "node_locations": [
                  "us-central1-a",
                  "us-central1-c",
                  "us-central1-f"
                ],
                "upgrade_settings": [
                  {
                    "blue_green_settings": [],
                    "max_surge": 1,
                    "max_unavailable": 0,
                    "strategy": "SURGE"
                  }
                ],
                "version": "1.27.8-gke.1067004"
              }
            ],
            "node_pool_defaults": [
              {
                "node_config_defaults": [
                  {
                    "logging_variant": "DEFAULT"
                  }
                ]
              }
            ],
            "node_version": "1.27.8-gke.1067004",
            "notification_config": [
              {
                "pubsub": [
                  {
                    "enabled": false,
                    "filter": [],
                    "topic": ""
                  }
                ]
              }
            ],
            "operation": null,
            "private_cluster_config": [
              {
                "enable_private_endpoint": false,
                "enable_private_nodes": false,
                "master_global_access_config": [
                  {
                    "enabled": false
                  }
                ],
                "master_ipv4_cidr_block": "",
                "peering_name": "",
                "private_endpoint": "10.128.0.10",
                "private_endpoint_subnetwork": "",
                "public_endpoint": "34.27.32.69"
              }
            ],
            "private_ipv6_google_access": "",
            "project": "massive-clone-417822",
            "release_channel": [
              {
                "channel": "REGULAR"
              }
            ],
            "remove_default_node_pool": null,
            "resource_labels": null,
            "resource_usage_export_config": [],
            "self_link": "https://container.googleapis.com/v1/projects/massive-clone-417822/locations/us-central1/clusters/yes",
            "service_external_ips_config": [
              {
                "enabled": false
              }
            ],
            "services_ipv4_cidr": "10.3.240.0/20",
            "subnetwork": "projects/massive-clone-417822/regions/us-central1/subnetworks/default",
            "timeouts": null,
            "tpu_ipv4_cidr_block": "",
            "vertical_pod_autoscaling": [],
            "workload_identity_config": []
          },
          "sensitive_attributes": [],
          "private": "eyJlMmJmYjczMC1lY2FhLTExZTYtOGY4OC0zNDM2M2JjN2M0YzAiOnsiY3JlYXRlIjoyNDAwMDAwMDAwMDAwLCJkZWxldGUiOjI0MDAwMDAwMDAwMDAsInJlYWQiOjI0MDAwMDAwMDAwMDAsInVwZGF0ZSI6MzYwMDAwMDAwMDAwMH0sInNjaGVtYV92ZXJzaW9uIjoiMSJ9"
        }
      ]
    },
    {
      "mode": "managed",
      "type": "google_service_account",
      "name": "default",
      "provider": "provider[\"registry.terraform.io/hashicorp/google\"]",
      "instances": [
        {
          "schema_version": 0,
          "attributes": {
            "account_id": "service-account",
            "description": "",
            "disabled": false,
            "display_name": "Service Account",
            "email": "service-account@massive-clone-417822.iam.gserviceaccount.com",
            "id": "projects/massive-clone-417822/serviceAccounts/service-account@massive-clone-417822.iam.gserviceaccount.com",
            "member": "serviceAccount:service-account@massive-clone-417822.iam.gserviceaccount.com",
            "name": "projects/massive-clone-417822/serviceAccounts/service-account@massive-clone-417822.iam.gserviceaccount.com",
            "project": "massive-clone-417822",
            "timeouts": null,
            "unique_id": "112807319387782723789"
          },
          "sensitive_attributes": [],
          "private": "eyJlMmJmYjczMC1lY2FhLTExZTYtOGY4OC0zNDM2M2JjN2M0YzAiOnsiY3JlYXRlIjozMDAwMDAwMDAwMDB9fQ=="
        }
      ]
    }
  ],
  "check_results": null
}
